
Microsoft Visual Studio Solution File, Format Version 12.00
# Visual Studio Version 17
VisualStudioVersion = 17.7.34221.43
MinimumVisualStudioVersion = 10.0.40219.1
Project("{FAE04EC0-301F-11D3-BF4B-00C04F79EFBC}") = "C#Tasks", "C#Tasks.csproj", "{43D63F96-EE56-4C4B-8D72-A575E93A86BA}"
EndProject
Project("{FAE04EC0-301F-11D3-BF4B-00C04F79EFBC}") = "MethodOverloading", "..\MethodOverloading\MethodOverloading.csproj", "{66D2660A-9E1E-4723-AFAE-37C0B3BDCD81}"
EndProject
Project("{FAE04EC0-301F-11D3-BF4B-00C04F79EFBC}") = "ConstructorOverloading", "..\MethodOverriding\ConstructorOverloading.csproj", "{240DD2CB-A13D-49AD-B820-6FC5BC7B84DC}"
EndProject
Project("{FAE04EC0-301F-11D3-BF4B-00C04F79EFBC}") = "StopWatch", "..\StopWatch\StopWatch.csproj", "{1E87FBEB-E4D2-474D-B02D-232A3089939C}"
EndProject
Project("{FAE04EC0-301F-11D3-BF4B-00C04F79EFBC}") = "Stringbuilder", "..\Stringbuilder\Stringbuilder.csproj", "{D491C822-A63F-4DF5-BF55-8BD94F1F06EF}"
EndProject
Project("{FAE04EC0-301F-11D3-BF4B-00C04F79EFBC}") = "Stack", "..\Stack\Stack.csproj", "{2A8F1FF6-4B8B-4C8A-9198-5370162D7E20}"
EndProject
Project("{FAE04EC0-301F-11D3-BF4B-00C04F79EFBC}") = "Method_overriding", "..\Method_overriding\Method_overriding.csproj", "{60C86B3B-DE80-4D1C-BDBB-B23880581680}"
EndProject
Global
	GlobalSection(SolutionConfigurationPlatforms) = preSolution
		Debug|Any CPU = Debug|Any CPU
		Release|Any CPU = Release|Any CPU
	EndGlobalSection
	GlobalSection(ProjectConfigurationPlatforms) = postSolution
		{43D63F96-EE56-4C4B-8D72-A575E93A86BA}.Debug|Any CPU.ActiveCfg = Debug|Any CPU
		{43D63F96-EE56-4C4B-8D72-A575E93A86BA}.Debug|Any CPU.Build.0 = Debug|Any CPU
		{43D63F96-EE56-4C4B-8D72-A575E93A86BA}.Release|Any CPU.ActiveCfg = Release|Any CPU
		{43D63F96-EE56-4C4B-8D72-A575E93A86BA}.Release|Any CPU.Build.0 = Release|Any CPU
		{66D2660A-9E1E-4723-AFAE-37C0B3BDCD81}.Debug|Any CPU.ActiveCfg = Debug|Any CPU
		{66D2660A-9E1E-4723-AFAE-37C0B3BDCD81}.Debug|Any CPU.Build.0 = Debug|Any CPU
		{66D2660A-9E1E-4723-AFAE-37C0B3BDCD81}.Release|Any CPU.ActiveCfg = Release|Any CPU
		{66D2660A-9E1E-4723-AFAE-37C0B3BDCD81}.Release|Any CPU.Build.0 = Release|Any CPU
		{240DD2CB-A13D-49AD-B820-6FC5BC7B84DC}.Debug|Any CPU.ActiveCfg = Debug|Any CPU
		{240DD2CB-A13D-49AD-B820-6FC5BC7B84DC}.Debug|Any CPU.Build.0 = Debug|Any CPU
		{240DD2CB-A13D-49AD-B820-6FC5BC7B84DC}.Release|Any CPU.ActiveCfg = Release|Any CPU
		{240DD2CB-A13D-49AD-B820-6FC5BC7B84DC}.Release|Any CPU.Build.0 = Release|Any CPU
		{1E87FBEB-E4D2-474D-B02D-232A3089939C}.Debug|Any CPU.ActiveCfg = Debug|Any CPU
		{1E87FBEB-E4D2-474D-B02D-232A3089939C}.Debug|Any CPU.Build.0 = Debug|Any CPU
		{1E87FBEB-E4D2-474D-B02D-232A3089939C}.Release|Any CPU.ActiveCfg = Release|Any CPU
		{1E87FBEB-E4D2-474D-B02D-232A3089939C}.Release|Any CPU.Build.0 = Release|Any CPU
		{D491C822-A63F-4DF5-BF55-8BD94F1F06EF}.Debug|Any CPU.ActiveCfg = Debug|Any CPU
		{D491C822-A63F-4DF5-BF55-8BD94F1F06EF}.Debug|Any CPU.Build.0 = Debug|Any CPU
		{D491C822-A63F-4DF5-BF55-8BD94F1F06EF}.Release|Any CPU.ActiveCfg = Release|Any CPU
		{D491C822-A63F-4DF5-BF55-8BD94F1F06EF}.Release|Any CPU.Build.0 = Release|Any CPU
		{2A8F1FF6-4B8B-4C8A-9198-5370162D7E20}.Debug|Any CPU.ActiveCfg = Debug|Any CPU
		{2A8F1FF6-4B8B-4C8A-9198-5370162D7E20}.Debug|Any CPU.Build.0 = Debug|Any CPU
		{2A8F1FF6-4B8B-4C8A-9198-5370162D7E20}.Release|Any CPU.ActiveCfg = Release|Any CPU
		{2A8F1FF6-4B8B-4C8A-9198-5370162D7E20}.Release|Any CPU.Build.0 = Release|Any CPU
		{60C86B3B-DE80-4D1C-BDBB-B23880581680}.Debug|Any CPU.ActiveCfg = Debug|Any CPU
		{60C86B3B-DE80-4D1C-BDBB-B23880581680}.Debug|Any CPU.Build.0 = Debug|Any CPU
		{60C86B3B-DE80-4D1C-BDBB-B23880581680}.Release|Any CPU.ActiveCfg = Release|Any CPU
		{60C86B3B-DE80-4D1C-BDBB-B23880581680}.Release|Any CPU.Build.0 = Release|Any CPU
	EndGlobalSection
	GlobalSection(SolutionProperties) = preSolution
		HideSolutionNode = FALSE
	EndGlobalSection
	GlobalSection(ExtensibilityGlobals) = postSolution
		SolutionGuid = {94033B93-FB21-4D08-B547-0331C0074768}
	EndGlobalSection
EndGlobal
