
Microsoft Visual Studio Solution File, Format Version 12.00
# Visual Studio Version 17
VisualStudioVersion = 17.7.34221.43
MinimumVisualStudioVersion = 10.0.40219.1
Project("{FAE04EC0-301F-11D3-BF4B-00C04F79EFBC}") = "EFCrudOperation1", "EFCrudOperation1.csproj", "{2EA97772-2907-4F13-AAD5-F2CFBB5ED438}"
EndProject
Global
	GlobalSection(SolutionConfigurationPlatforms) = preSolution
		Debug|Any CPU = Debug|Any CPU
		Release|Any CPU = Release|Any CPU
	EndGlobalSection
	GlobalSection(ProjectConfigurationPlatforms) = postSolution
		{2EA97772-2907-4F13-AAD5-F2CFBB5ED438}.Debug|Any CPU.ActiveCfg = Debug|Any CPU
		{2EA97772-2907-4F13-AAD5-F2CFBB5ED438}.Debug|Any CPU.Build.0 = Debug|Any CPU
		{2EA97772-2907-4F13-AAD5-F2CFBB5ED438}.Release|Any CPU.ActiveCfg = Release|Any CPU
		{2EA97772-2907-4F13-AAD5-F2CFBB5ED438}.Release|Any CPU.Build.0 = Release|Any CPU
	EndGlobalSection
	GlobalSection(SolutionProperties) = preSolution
		HideSolutionNode = FALSE
	EndGlobalSection
	GlobalSection(ExtensibilityGlobals) = postSolution
		SolutionGuid = {12B7FE79-3730-4AB8-B0F0-605D83E4A35D}
	EndGlobalSection
EndGlobal
